
Microsoft Visual Studio Solution File, Format Version 12.00
# Visual Studio Version 17
VisualStudioVersion = 17.11.35327.3
MinimumVisualStudioVersion = 10.0.40219.1
Project("{FAE04EC0-301F-11D3-BF4B-00C04F79EFBC}") = "Adrian_Mezei-Racz_lab1", "Adrian_Mezei-Racz_lab1.csproj", "{2D8C8517-9EF9-4818-91AC-A58925B3DC33}"
EndProject
Global
	GlobalSection(SolutionConfigurationPlatforms) = preSolution
		Debug|Any CPU = Debug|Any CPU
		Release|Any CPU = Release|Any CPU
	EndGlobalSection
	GlobalSection(ProjectConfigurationPlatforms) = postSolution
		{2D8C8517-9EF9-4818-91AC-A58925B3DC33}.Debug|Any CPU.ActiveCfg = Debug|Any CPU
		{2D8C8517-9EF9-4818-91AC-A58925B3DC33}.Debug|Any CPU.Build.0 = Debug|Any CPU
		{2D8C8517-9EF9-4818-91AC-A58925B3DC33}.Release|Any CPU.ActiveCfg = Release|Any CPU
		{2D8C8517-9EF9-4818-91AC-A58925B3DC33}.Release|Any CPU.Build.0 = Release|Any CPU
	EndGlobalSection
	GlobalSection(SolutionProperties) = preSolution
		HideSolutionNode = FALSE
	EndGlobalSection
	GlobalSection(ExtensibilityGlobals) = postSolution
		SolutionGuid = {1332004E-EAAF-412D-902D-33438B95D562}
	EndGlobalSection
EndGlobal
